
Microsoft Visual Studio Solution File, Format Version 12.00
# Visual Studio Version 16
VisualStudioVersion = 16.0.30503.244
MinimumVisualStudioVersion = 10.0.40219.1
Project("{FAE04EC0-301F-11D3-BF4B-00C04F79EFBC}") = "rsst_lv1_zad1", "rsst_lv1_zad1\rsst_lv1_zad1.csproj", "{1D0A7E58-AC36-4846-9C31-6EC88257F679}"
EndProject
Global
	GlobalSection(SolutionConfigurationPlatforms) = preSolution
		Debug|Any CPU = Debug|Any CPU
		Release|Any CPU = Release|Any CPU
	EndGlobalSection
	GlobalSection(ProjectConfigurationPlatforms) = postSolution
		{1D0A7E58-AC36-4846-9C31-6EC88257F679}.Debug|Any CPU.ActiveCfg = Debug|Any CPU
		{1D0A7E58-AC36-4846-9C31-6EC88257F679}.Debug|Any CPU.Build.0 = Debug|Any CPU
		{1D0A7E58-AC36-4846-9C31-6EC88257F679}.Release|Any CPU.ActiveCfg = Release|Any CPU
		{1D0A7E58-AC36-4846-9C31-6EC88257F679}.Release|Any CPU.Build.0 = Release|Any CPU
	EndGlobalSection
	GlobalSection(SolutionProperties) = preSolution
		HideSolutionNode = FALSE
	EndGlobalSection
	GlobalSection(ExtensibilityGlobals) = postSolution
		SolutionGuid = {D0B934CE-736A-4DA9-BC22-E0C319295611}
	EndGlobalSection
EndGlobal
